
Microsoft Visual Studio Solution File, Format Version 12.00
# Visual Studio 15
VisualStudioVersion = 15.0.28010.2048
MinimumVisualStudioVersion = 10.0.40219.1
Project("{8BC9CEB8-8B4A-11D0-8D11-00A0C91BC942}") = "cuda_jpeg_codec", "cuda_jpeg_codec\cuda_jpeg_codec.vcxproj", "{DA1AF821-4375-4CA9-A554-966FA21F4F14}"
EndProject
Global
	GlobalSection(SolutionConfigurationPlatforms) = preSolution
		Debug|x64 = Debug|x64
		Debug|x86 = Debug|x86
		Release|x64 = Release|x64
		Release|x86 = Release|x86
	EndGlobalSection
	GlobalSection(ProjectConfigurationPlatforms) = postSolution
		{DA1AF821-4375-4CA9-A554-966FA21F4F14}.Debug|x64.ActiveCfg = Debug|x64
		{DA1AF821-4375-4CA9-A554-966FA21F4F14}.Debug|x64.Build.0 = Debug|x64
		{DA1AF821-4375-4CA9-A554-966FA21F4F14}.Debug|x86.ActiveCfg = Debug|x64
		{DA1AF821-4375-4CA9-A554-966FA21F4F14}.Release|x64.ActiveCfg = Release|x64
		{DA1AF821-4375-4CA9-A554-966FA21F4F14}.Release|x64.Build.0 = Release|x64
		{DA1AF821-4375-4CA9-A554-966FA21F4F14}.Release|x86.ActiveCfg = Release|x64
		{AC4EF1F1-93E7-470A-8227-56D6AD42E61E}.Debug|x64.ActiveCfg = Debug|x64
		{AC4EF1F1-93E7-470A-8227-56D6AD42E61E}.Debug|x64.Build.0 = Debug|x64
		{AC4EF1F1-93E7-470A-8227-56D6AD42E61E}.Debug|x86.ActiveCfg = Debug|Win32
		{AC4EF1F1-93E7-470A-8227-56D6AD42E61E}.Debug|x86.Build.0 = Debug|Win32
		{AC4EF1F1-93E7-470A-8227-56D6AD42E61E}.Release|x64.ActiveCfg = Release|x64
		{AC4EF1F1-93E7-470A-8227-56D6AD42E61E}.Release|x64.Build.0 = Release|x64
		{AC4EF1F1-93E7-470A-8227-56D6AD42E61E}.Release|x86.ActiveCfg = Release|Win32
		{AC4EF1F1-93E7-470A-8227-56D6AD42E61E}.Release|x86.Build.0 = Release|Win32
	EndGlobalSection
	GlobalSection(SolutionProperties) = preSolution
		HideSolutionNode = FALSE
	EndGlobalSection
	GlobalSection(ExtensibilityGlobals) = postSolution
		SolutionGuid = {211ADCB2-68FC-4BCA-A1EE-EBBB702DE745}
	EndGlobalSection
EndGlobal
